
Microsoft Visual Studio Solution File, Format Version 12.00
# Visual Studio 14
VisualStudioVersion = 14.0.23107.0
MinimumVisualStudioVersion = 10.0.40219.1
Project("{FAE04EC0-301F-11D3-BF4B-00C04F79EFBC}") = "xbdsplit", "xbdsplit\xbdsplit.csproj", "{F374CD4C-0CD1-4F8F-8D40-383766496ABF}"
EndProject
Project("{FAE04EC0-301F-11D3-BF4B-00C04F79EFBC}") = "lngsplit", "lngsplit\lngsplit.csproj", "{6B790C20-B791-4037-AAFE-57621D274FD7}"
EndProject
Project("{FAE04EC0-301F-11D3-BF4B-00C04F79EFBC}") = "xbdjoin", "xbdjoin\xbdjoin.csproj", "{5F720857-B74A-45E8-8D7B-E15D5DB2D053}"
EndProject
Project("{FAE04EC0-301F-11D3-BF4B-00C04F79EFBC}") = "lngljoin", "lngljoin\lngljoin.csproj", "{8B97531A-6298-4060-B44A-00AAA4902AAB}"
EndProject
Project("{FAE04EC0-301F-11D3-BF4B-00C04F79EFBC}") = "pcxbdsplit", "pcxbdsplit\pcxbdsplit.csproj", "{77ED824A-C46C-4B49-AF8E-4F069EEE864E}"
EndProject
Project("{FAE04EC0-301F-11D3-BF4B-00C04F79EFBC}") = "pcxbdjoin", "pcxbdjoin\pcxbdjoin.csproj", "{D82B0D8F-DC13-4473-99A1-44F1735E75A7}"
EndProject
Project("{FAE04EC0-301F-11D3-BF4B-00C04F79EFBC}") = "pcnafsplit", "pcnafsplit\pcnafsplit.csproj", "{23744F18-EFED-47E8-8924-20D8E8190254}"
EndProject
Project("{FAE04EC0-301F-11D3-BF4B-00C04F79EFBC}") = "pcnafjoin", "pcnafjoin\pcnafjoin.csproj", "{475979D3-04A8-43F7-9E6D-B65D7F0345EC}"
EndProject
Global
	GlobalSection(SolutionConfigurationPlatforms) = preSolution
		Debug|Any CPU = Debug|Any CPU
		Release|Any CPU = Release|Any CPU
	EndGlobalSection
	GlobalSection(ProjectConfigurationPlatforms) = postSolution
		{F374CD4C-0CD1-4F8F-8D40-383766496ABF}.Debug|Any CPU.ActiveCfg = Debug|Any CPU
		{F374CD4C-0CD1-4F8F-8D40-383766496ABF}.Debug|Any CPU.Build.0 = Debug|Any CPU
		{F374CD4C-0CD1-4F8F-8D40-383766496ABF}.Release|Any CPU.ActiveCfg = Release|Any CPU
		{F374CD4C-0CD1-4F8F-8D40-383766496ABF}.Release|Any CPU.Build.0 = Release|Any CPU
		{6B790C20-B791-4037-AAFE-57621D274FD7}.Debug|Any CPU.ActiveCfg = Debug|Any CPU
		{6B790C20-B791-4037-AAFE-57621D274FD7}.Debug|Any CPU.Build.0 = Debug|Any CPU
		{6B790C20-B791-4037-AAFE-57621D274FD7}.Release|Any CPU.ActiveCfg = Release|Any CPU
		{6B790C20-B791-4037-AAFE-57621D274FD7}.Release|Any CPU.Build.0 = Release|Any CPU
		{5F720857-B74A-45E8-8D7B-E15D5DB2D053}.Debug|Any CPU.ActiveCfg = Debug|Any CPU
		{5F720857-B74A-45E8-8D7B-E15D5DB2D053}.Debug|Any CPU.Build.0 = Debug|Any CPU
		{5F720857-B74A-45E8-8D7B-E15D5DB2D053}.Release|Any CPU.ActiveCfg = Release|Any CPU
		{5F720857-B74A-45E8-8D7B-E15D5DB2D053}.Release|Any CPU.Build.0 = Release|Any CPU
		{8B97531A-6298-4060-B44A-00AAA4902AAB}.Debug|Any CPU.ActiveCfg = Debug|Any CPU
		{8B97531A-6298-4060-B44A-00AAA4902AAB}.Debug|Any CPU.Build.0 = Debug|Any CPU
		{8B97531A-6298-4060-B44A-00AAA4902AAB}.Release|Any CPU.ActiveCfg = Release|Any CPU
		{8B97531A-6298-4060-B44A-00AAA4902AAB}.Release|Any CPU.Build.0 = Release|Any CPU
		{77ED824A-C46C-4B49-AF8E-4F069EEE864E}.Debug|Any CPU.ActiveCfg = Debug|Any CPU
		{77ED824A-C46C-4B49-AF8E-4F069EEE864E}.Debug|Any CPU.Build.0 = Debug|Any CPU
		{77ED824A-C46C-4B49-AF8E-4F069EEE864E}.Release|Any CPU.ActiveCfg = Release|Any CPU
		{77ED824A-C46C-4B49-AF8E-4F069EEE864E}.Release|Any CPU.Build.0 = Release|Any CPU
		{D82B0D8F-DC13-4473-99A1-44F1735E75A7}.Debug|Any CPU.ActiveCfg = Debug|Any CPU
		{D82B0D8F-DC13-4473-99A1-44F1735E75A7}.Debug|Any CPU.Build.0 = Debug|Any CPU
		{D82B0D8F-DC13-4473-99A1-44F1735E75A7}.Release|Any CPU.ActiveCfg = Release|Any CPU
		{D82B0D8F-DC13-4473-99A1-44F1735E75A7}.Release|Any CPU.Build.0 = Release|Any CPU
		{23744F18-EFED-47E8-8924-20D8E8190254}.Debug|Any CPU.ActiveCfg = Debug|Any CPU
		{23744F18-EFED-47E8-8924-20D8E8190254}.Debug|Any CPU.Build.0 = Debug|Any CPU
		{23744F18-EFED-47E8-8924-20D8E8190254}.Release|Any CPU.ActiveCfg = Release|Any CPU
		{23744F18-EFED-47E8-8924-20D8E8190254}.Release|Any CPU.Build.0 = Release|Any CPU
		{475979D3-04A8-43F7-9E6D-B65D7F0345EC}.Debug|Any CPU.ActiveCfg = Debug|Any CPU
		{475979D3-04A8-43F7-9E6D-B65D7F0345EC}.Debug|Any CPU.Build.0 = Debug|Any CPU
		{475979D3-04A8-43F7-9E6D-B65D7F0345EC}.Release|Any CPU.ActiveCfg = Release|Any CPU
		{475979D3-04A8-43F7-9E6D-B65D7F0345EC}.Release|Any CPU.Build.0 = Release|Any CPU
	EndGlobalSection
	GlobalSection(SolutionProperties) = preSolution
		HideSolutionNode = FALSE
	EndGlobalSection
EndGlobal
